// !$*UTF8*$!
{
	archiveVersion = 1;
	classes = {
	};
	objectVersion = 46;
	objects = {

/* Begin PBXBuildFile section */
		8578D0F49BA00A14609EA955 /* Pods_Meow_INT.framework in Frameworks */ = {isa = PBXBuildFile; fileRef = 2A5593DBE7B0BAD397B7BEBA /* Pods_Meow_INT.framework */; };
		9B725C331FBCCC4F00526B15 /* ViewController.swift in Sources */ = {isa = PBXBuildFile; fileRef = 9B0B2B151EAFEA1700422290 /* ViewController.swift */; };
		9B725C341FBCCC4F00526B15 /* AppDelegate.swift in Sources */ = {isa = PBXBuildFile; fileRef = 9B0B2B131EAFEA1700422290 /* AppDelegate.swift */; };
		9B725C351FBCCC4F00526B15 /* Constants.swift in Sources */ = {isa = PBXBuildFile; fileRef = 9B904F6D1EDFCFBF00E01EC0 /* Constants.swift */; };
		9B725C371FBCCC4F00526B15 /* Pods_Meow_INT.framework in Frameworks */ = {isa = PBXBuildFile; fileRef = 2A5593DBE7B0BAD397B7BEBA /* Pods_Meow_INT.framework */; };
		9B725C391FBCCC4F00526B15 /* LaunchScreen.storyboard in Resources */ = {isa = PBXBuildFile; fileRef = 9B0B2B1C1EAFEA1700422290 /* LaunchScreen.storyboard */; };
		9B725C3A1FBCCC4F00526B15 /* Assets.xcassets in Resources */ = {isa = PBXBuildFile; fileRef = 9B0B2B1A1EAFEA1700422290 /* Assets.xcassets */; };
		9B725C3B1FBCCC4F00526B15 /* Main.storyboard in Resources */ = {isa = PBXBuildFile; fileRef = 9B0B2B171EAFEA1700422290 /* Main.storyboard */; };
		9B904F731EDFE9A600E01EC0 /* ViewController.swift in Sources */ = {isa = PBXBuildFile; fileRef = 9B0B2B151EAFEA1700422290 /* ViewController.swift */; };
		9B904F741EDFE9A600E01EC0 /* AppDelegate.swift in Sources */ = {isa = PBXBuildFile; fileRef = 9B0B2B131EAFEA1700422290 /* AppDelegate.swift */; };
		9B904F751EDFE9A600E01EC0 /* Constants.swift in Sources */ = {isa = PBXBuildFile; fileRef = 9B904F6D1EDFCFBF00E01EC0 /* Constants.swift */; };
		9B904F791EDFE9A600E01EC0 /* LaunchScreen.storyboard in Resources */ = {isa = PBXBuildFile; fileRef = 9B0B2B1C1EAFEA1700422290 /* LaunchScreen.storyboard */; };
		9B904F7A1EDFE9A600E01EC0 /* Assets.xcassets in Resources */ = {isa = PBXBuildFile; fileRef = 9B0B2B1A1EAFEA1700422290 /* Assets.xcassets */; };
		9B904F7B1EDFE9A600E01EC0 /* Main.storyboard in Resources */ = {isa = PBXBuildFile; fileRef = 9B0B2B171EAFEA1700422290 /* Main.storyboard */; };
		9BBF74811FBF720000761529 /* ViewController.swift in Sources */ = {isa = PBXBuildFile; fileRef = 9B0B2B151EAFEA1700422290 /* ViewController.swift */; };
		9BBF74821FBF720000761529 /* AppDelegate.swift in Sources */ = {isa = PBXBuildFile; fileRef = 9B0B2B131EAFEA1700422290 /* AppDelegate.swift */; };
		9BBF74831FBF720000761529 /* Constants.swift in Sources */ = {isa = PBXBuildFile; fileRef = 9B904F6D1EDFCFBF00E01EC0 /* Constants.swift */; };
		9BBF74851FBF720000761529 /* Pods_Meow_INT.framework in Frameworks */ = {isa = PBXBuildFile; fileRef = 2A5593DBE7B0BAD397B7BEBA /* Pods_Meow_INT.framework */; };
		9BBF74871FBF720000761529 /* LaunchScreen.storyboard in Resources */ = {isa = PBXBuildFile; fileRef = 9B0B2B1C1EAFEA1700422290 /* LaunchScreen.storyboard */; };
		9BBF74881FBF720000761529 /* Assets.xcassets in Resources */ = {isa = PBXBuildFile; fileRef = 9B0B2B1A1EAFEA1700422290 /* Assets.xcassets */; };
		9BBF74891FBF720000761529 /* Main.storyboard in Resources */ = {isa = PBXBuildFile; fileRef = 9B0B2B171EAFEA1700422290 /* Main.storyboard */; };
		9BBF74941FBF72A700761529 /* ViewController.swift in Sources */ = {isa = PBXBuildFile; fileRef = 9B0B2B151EAFEA1700422290 /* ViewController.swift */; };
		9BBF74951FBF72A700761529 /* AppDelegate.swift in Sources */ = {isa = PBXBuildFile; fileRef = 9B0B2B131EAFEA1700422290 /* AppDelegate.swift */; };
		9BBF74961FBF72A700761529 /* Constants.swift in Sources */ = {isa = PBXBuildFile; fileRef = 9B904F6D1EDFCFBF00E01EC0 /* Constants.swift */; };
		9BBF74981FBF72A700761529 /* Pods_Meow_INT.framework in Frameworks */ = {isa = PBXBuildFile; fileRef = 2A5593DBE7B0BAD397B7BEBA /* Pods_Meow_INT.framework */; };
		9BBF749A1FBF72A700761529 /* LaunchScreen.storyboard in Resources */ = {isa = PBXBuildFile; fileRef = 9B0B2B1C1EAFEA1700422290 /* LaunchScreen.storyboard */; };
		9BBF749B1FBF72A700761529 /* Assets.xcassets in Resources */ = {isa = PBXBuildFile; fileRef = 9B0B2B1A1EAFEA1700422290 /* Assets.xcassets */; };
		9BBF749C1FBF72A700761529 /* Main.storyboard in Resources */ = {isa = PBXBuildFile; fileRef = 9B0B2B171EAFEA1700422290 /* Main.storyboard */; };
/* End PBXBuildFile section */

/* Begin PBXFileReference section */
		2A5593DBE7B0BAD397B7BEBA /* Pods_Meow_INT.framework */ = {isa = PBXFileReference; explicitFileType = wrapper.framework; includeInIndex = 0; path = Pods_Meow_INT.framework; sourceTree = BUILT_PRODUCTS_DIR; };
		6948F4E8007BED3ECEB5C212 /* Pods-Meow-INT.release.xcconfig */ = {isa = PBXFileReference; includeInIndex = 1; lastKnownFileType = text.xcconfig; name = "Pods-Meow-INT.release.xcconfig"; path = "Pods/Target Support Files/Pods-Meow-INT/Pods-Meow-INT.release.xcconfig"; sourceTree = "<group>"; };
		9B0B2B131EAFEA1700422290 /* AppDelegate.swift */ = {isa = PBXFileReference; lastKnownFileType = sourcecode.swift; path = AppDelegate.swift; sourceTree = "<group>"; };
		9B0B2B151EAFEA1700422290 /* ViewController.swift */ = {isa = PBXFileReference; lastKnownFileType = sourcecode.swift; path = ViewController.swift; sourceTree = "<group>"; };
		9B0B2B181EAFEA1700422290 /* Base */ = {isa = PBXFileReference; lastKnownFileType = file.storyboard; name = Base; path = Base.lproj/Main.storyboard; sourceTree = "<group>"; };
		9B0B2B1A1EAFEA1700422290 /* Assets.xcassets */ = {isa = PBXFileReference; lastKnownFileType = folder.assetcatalog; path = Assets.xcassets; sourceTree = "<group>"; };
		9B0B2B1D1EAFEA1700422290 /* Base */ = {isa = PBXFileReference; lastKnownFileType = file.storyboard; name = Base; path = Base.lproj/LaunchScreen.storyboard; sourceTree = "<group>"; };
		9B0B2B1F1EAFEA1700422290 /* Info.plist */ = {isa = PBXFileReference; lastKnownFileType = text.plist.xml; path = Info.plist; sourceTree = "<group>"; };
		9B725C411FBCCC4F00526B15 /* Meow-PROD.app */ = {isa = PBXFileReference; explicitFileType = wrapper.application; includeInIndex = 0; path = "Meow-PROD.app"; sourceTree = BUILT_PRODUCTS_DIR; };
		9B904F6D1EDFCFBF00E01EC0 /* Constants.swift */ = {isa = PBXFileReference; fileEncoding = 4; lastKnownFileType = sourcecode.swift; path = Constants.swift; sourceTree = "<group>"; };
		9B904F6F1EDFDF9C00E01EC0 /* Meow-Bridging-Header.h */ = {isa = PBXFileReference; lastKnownFileType = sourcecode.c.h; path = "Meow-Bridging-Header.h"; sourceTree = "<group>"; };
		9B904F811EDFE9A600E01EC0 /* Meow-INT.app */ = {isa = PBXFileReference; explicitFileType = wrapper.application; includeInIndex = 0; path = "Meow-INT.app"; sourceTree = BUILT_PRODUCTS_DIR; };
		9BBF748F1FBF720000761529 /* Meow-STAGING.app */ = {isa = PBXFileReference; explicitFileType = wrapper.application; includeInIndex = 0; path = "Meow-STAGING.app"; sourceTree = BUILT_PRODUCTS_DIR; };
		9BBF74A21FBF72A700761529 /* Meow-INT-ACCESSIBILITY.app */ = {isa = PBXFileReference; explicitFileType = wrapper.application; includeInIndex = 0; path = "Meow-INT-ACCESSIBILITY.app"; sourceTree = BUILT_PRODUCTS_DIR; };
		FBAB80BDAD379C01B84CC207 /* Pods-Meow-INT.debug.xcconfig */ = {isa = PBXFileReference; includeInIndex = 1; lastKnownFileType = text.xcconfig; name = "Pods-Meow-INT.debug.xcconfig"; path = "Pods/Target Support Files/Pods-Meow-INT/Pods-Meow-INT.debug.xcconfig"; sourceTree = "<group>"; };
/* End PBXFileReference section */

/* Begin PBXFrameworksBuildPhase section */
		9B725C361FBCCC4F00526B15 /* Frameworks */ = {
			isa = PBXFrameworksBuildPhase;
			buildActionMask = 2147483647;
			files = (
				9B725C371FBCCC4F00526B15 /* Pods_Meow_INT.framework in Frameworks */,
			);
			runOnlyForDeploymentPostprocessing = 0;
		};
		9B904F761EDFE9A600E01EC0 /* Frameworks */ = {
			isa = PBXFrameworksBuildPhase;
			buildActionMask = 2147483647;
			files = (
				8578D0F49BA00A14609EA955 /* Pods_Meow_INT.framework in Frameworks */,
			);
			runOnlyForDeploymentPostprocessing = 0;
		};
		9BBF74841FBF720000761529 /* Frameworks */ = {
			isa = PBXFrameworksBuildPhase;
			buildActionMask = 2147483647;
			files = (
				9BBF74851FBF720000761529 /* Pods_Meow_INT.framework in Frameworks */,
			);
			runOnlyForDeploymentPostprocessing = 0;
		};
		9BBF74971FBF72A700761529 /* Frameworks */ = {
			isa = PBXFrameworksBuildPhase;
			buildActionMask = 2147483647;
			files = (
				9BBF74981FBF72A700761529 /* Pods_Meow_INT.framework in Frameworks */,
			);
			runOnlyForDeploymentPostprocessing = 0;
		};
/* End PBXFrameworksBuildPhase section */

/* Begin PBXGroup section */
		17C01D6D6143DA10E32BAB11 /* Pods */ = {
			isa = PBXGroup;
			children = (
				FBAB80BDAD379C01B84CC207 /* Pods-Meow-INT.debug.xcconfig */,
				6948F4E8007BED3ECEB5C212 /* Pods-Meow-INT.release.xcconfig */,
			);
			name = Pods;
			sourceTree = "<group>";
		};
		9B0B2B071EAFEA1700422290 = {
			isa = PBXGroup;
			children = (
				9B0B2B121EAFEA1700422290 /* Meow */,
				9B0B2B111EAFEA1700422290 /* Products */,
				17C01D6D6143DA10E32BAB11 /* Pods */,
				D9C9A7F76385FA82976E846C /* Frameworks */,
			);
			sourceTree = "<group>";
		};
		9B0B2B111EAFEA1700422290 /* Products */ = {
			isa = PBXGroup;
			children = (
				9B904F811EDFE9A600E01EC0 /* Meow-INT.app */,
				9B725C411FBCCC4F00526B15 /* Meow-PROD.app */,
				9BBF748F1FBF720000761529 /* Meow-STAGING.app */,
				9BBF74A21FBF72A700761529 /* Meow-INT-ACCESSIBILITY.app */,
			);
			name = Products;
			sourceTree = "<group>";
		};
		9B0B2B121EAFEA1700422290 /* Meow */ = {
			isa = PBXGroup;
			children = (
				9B0B2B131EAFEA1700422290 /* AppDelegate.swift */,
				9B0B2B151EAFEA1700422290 /* ViewController.swift */,
				9B0B2B171EAFEA1700422290 /* Main.storyboard */,
				9B0B2B1A1EAFEA1700422290 /* Assets.xcassets */,
				9B0B2B1C1EAFEA1700422290 /* LaunchScreen.storyboard */,
				9B0B2B1F1EAFEA1700422290 /* Info.plist */,
				9B904F6D1EDFCFBF00E01EC0 /* Constants.swift */,
				9B904F6F1EDFDF9C00E01EC0 /* Meow-Bridging-Header.h */,
			);
			path = Meow;
			sourceTree = "<group>";
		};
		D9C9A7F76385FA82976E846C /* Frameworks */ = {
			isa = PBXGroup;
			children = (
				2A5593DBE7B0BAD397B7BEBA /* Pods_Meow_INT.framework */,
			);
			name = Frameworks;
			sourceTree = "<group>";
		};
/* End PBXGroup section */

/* Begin PBXNativeTarget section */
		9B725C301FBCCC4F00526B15 /* Meow-PROD */ = {
			isa = PBXNativeTarget;
			buildConfigurationList = 9B725C3E1FBCCC4F00526B15 /* Build configuration list for PBXNativeTarget "Meow-PROD" */;
			buildPhases = (
				9B725C311FBCCC4F00526B15 /* [CP] Check Pods Manifest.lock */,
				9B725C321FBCCC4F00526B15 /* Sources */,
				9B725C361FBCCC4F00526B15 /* Frameworks */,
				9B725C381FBCCC4F00526B15 /* Resources */,
				9B725C3C1FBCCC4F00526B15 /* [CP] Embed Pods Frameworks */,
				9B725C3D1FBCCC4F00526B15 /* [CP] Copy Pods Resources */,
			);
			buildRules = (
			);
			dependencies = (
			);
			name = "Meow-PROD";
			productName = Meow;
			productReference = 9B725C411FBCCC4F00526B15 /* Meow-PROD.app */;
			productType = "com.apple.product-type.application";
		};
		9B904F701EDFE9A600E01EC0 /* Meow-INT */ = {
			isa = PBXNativeTarget;
			buildConfigurationList = 9B904F7E1EDFE9A600E01EC0 /* Build configuration list for PBXNativeTarget "Meow-INT" */;
			buildPhases = (
				8CC84C4C531BAD38855D1995 /* [CP] Check Pods Manifest.lock */,
				9B904F721EDFE9A600E01EC0 /* Sources */,
				9B904F761EDFE9A600E01EC0 /* Frameworks */,
				9B904F781EDFE9A600E01EC0 /* Resources */,
				9DA1B7B47857ADD17A6666C9 /* [CP] Embed Pods Frameworks */,
				4C34E3893F94CE3C0A256C2E /* [CP] Copy Pods Resources */,
			);
			buildRules = (
			);
			dependencies = (
			);
			name = "Meow-INT";
			productName = Meow;
			productReference = 9B904F811EDFE9A600E01EC0 /* Meow-INT.app */;
			productType = "com.apple.product-type.application";
		};
		9BBF747E1FBF720000761529 /* Meow-STAGING */ = {
			isa = PBXNativeTarget;
			buildConfigurationList = 9BBF748C1FBF720000761529 /* Build configuration list for PBXNativeTarget "Meow-STAGING" */;
			buildPhases = (
				9BBF747F1FBF720000761529 /* [CP] Check Pods Manifest.lock */,
				9BBF74801FBF720000761529 /* Sources */,
				9BBF74841FBF720000761529 /* Frameworks */,
				9BBF74861FBF720000761529 /* Resources */,
				9BBF748A1FBF720000761529 /* [CP] Embed Pods Frameworks */,
				9BBF748B1FBF720000761529 /* [CP] Copy Pods Resources */,
			);
			buildRules = (
			);
			dependencies = (
			);
			name = "Meow-STAGING";
			productName = Meow;
			productReference = 9BBF748F1FBF720000761529 /* Meow-STAGING.app */;
			productType = "com.apple.product-type.application";
		};
		9BBF74911FBF72A700761529 /* Meow-INT-ACCESSIBILITY */ = {
			isa = PBXNativeTarget;
			buildConfigurationList = 9BBF749F1FBF72A700761529 /* Build configuration list for PBXNativeTarget "Meow-INT-ACCESSIBILITY" */;
			buildPhases = (
				9BBF74921FBF72A700761529 /* [CP] Check Pods Manifest.lock */,
				9BBF74931FBF72A700761529 /* Sources */,
				9BBF74971FBF72A700761529 /* Frameworks */,
				9BBF74991FBF72A700761529 /* Resources */,
				9BBF749D1FBF72A700761529 /* [CP] Embed Pods Frameworks */,
				9BBF749E1FBF72A700761529 /* [CP] Copy Pods Resources */,
			);
			buildRules = (
			);
			dependencies = (
			);
			name = "Meow-INT-ACCESSIBILITY";
			productName = Meow;
			productReference = 9BBF74A21FBF72A700761529 /* Meow-INT-ACCESSIBILITY.app */;
			productType = "com.apple.product-type.application";
		};
/* End PBXNativeTarget section */

/* Begin PBXProject section */
		9B0B2B081EAFEA1700422290 /* Project object */ = {
			isa = PBXProject;
			attributes = {
				LastSwiftUpdateCheck = 0820;
				LastUpgradeCheck = 0820;
				ORGANIZATIONNAME = "Jessica Yeh";
				TargetAttributes = {
					9B725C301FBCCC4F00526B15 = {
						DevelopmentTeam = 83U7U2U9D6;
						ProvisioningStyle = Automatic;
					};
					9B904F701EDFE9A600E01EC0 = {
						DevelopmentTeam = R2L8TU8NEV;
						ProvisioningStyle = Automatic;
					};
					9BBF747E1FBF720000761529 = {
						DevelopmentTeam = 83U7U2U9D6;
						ProvisioningStyle = Automatic;
					};
					9BBF74911FBF72A700761529 = {
						DevelopmentTeam = 83U7U2U9D6;
						ProvisioningStyle = Automatic;
					};
				};
			};
			buildConfigurationList = 9B0B2B0B1EAFEA1700422290 /* Build configuration list for PBXProject "Meow" */;
			compatibilityVersion = "Xcode 3.2";
			developmentRegion = English;
			hasScannedForEncodings = 0;
			knownRegions = (
				en,
				Base,
			);
			mainGroup = 9B0B2B071EAFEA1700422290;
			productRefGroup = 9B0B2B111EAFEA1700422290 /* Products */;
			projectDirPath = "";
			projectRoot = "";
			targets = (
				9B904F701EDFE9A600E01EC0 /* Meow-INT */,
				9BBF74911FBF72A700761529 /* Meow-INT-ACCESSIBILITY */,
				9BBF747E1FBF720000761529 /* Meow-STAGING */,
				9B725C301FBCCC4F00526B15 /* Meow-PROD */,
			);
		};
/* End PBXProject section */

/* Begin PBXResourcesBuildPhase section */
		9B725C381FBCCC4F00526B15 /* Resources */ = {
			isa = PBXResourcesBuildPhase;
			buildActionMask = 2147483647;
			files = (
				9B725C391FBCCC4F00526B15 /* LaunchScreen.storyboard in Resources */,
				9B725C3A1FBCCC4F00526B15 /* Assets.xcassets in Resources */,
				9B725C3B1FBCCC4F00526B15 /* Main.storyboard in Resources */,
			);
			runOnlyForDeploymentPostprocessing = 0;
		};
		9B904F781EDFE9A600E01EC0 /* Resources */ = {
			isa = PBXResourcesBuildPhase;
			buildActionMask = 2147483647;
			files = (
				9B904F791EDFE9A600E01EC0 /* LaunchScreen.storyboard in Resources */,
				9B904F7A1EDFE9A600E01EC0 /* Assets.xcassets in Resources */,
				9B904F7B1EDFE9A600E01EC0 /* Main.storyboard in Resources */,
			);
			runOnlyForDeploymentPostprocessing = 0;
		};
		9BBF74861FBF720000761529 /* Resources */ = {
			isa = PBXResourcesBuildPhase;
			buildActionMask = 2147483647;
			files = (
				9BBF74871FBF720000761529 /* LaunchScreen.storyboard in Resources */,
				9BBF74881FBF720000761529 /* Assets.xcassets in Resources */,
				9BBF74891FBF720000761529 /* Main.storyboard in Resources */,
			);
			runOnlyForDeploymentPostprocessing = 0;
		};
		9BBF74991FBF72A700761529 /* Resources */ = {
			isa = PBXResourcesBuildPhase;
			buildActionMask = 2147483647;
			files = (
				9BBF749A1FBF72A700761529 /* LaunchScreen.storyboard in Resources */,
				9BBF749B1FBF72A700761529 /* Assets.xcassets in Resources */,
				9BBF749C1FBF72A700761529 /* Main.storyboard in Resources */,
			);
			runOnlyForDeploymentPostprocessing = 0;
		};
/* End PBXResourcesBuildPhase section */

/* Begin PBXShellScriptBuildPhase section */
		4C34E3893F94CE3C0A256C2E /* [CP] Copy Pods Resources */ = {
			isa = PBXShellScriptBuildPhase;
			buildActionMask = 2147483647;
			files = (
			);
			inputPaths = (
			);
			name = "[CP] Copy Pods Resources";
			outputPaths = (
			);
			runOnlyForDeploymentPostprocessing = 0;
			shellPath = /bin/sh;
			shellScript = "\"${SRCROOT}/Pods/Target Support Files/Pods-Meow-INT/Pods-Meow-INT-resources.sh\"\n";
			showEnvVarsInLog = 0;
		};
		8CC84C4C531BAD38855D1995 /* [CP] Check Pods Manifest.lock */ = {
			isa = PBXShellScriptBuildPhase;
			buildActionMask = 2147483647;
			files = (
			);
			inputPaths = (
			);
			name = "[CP] Check Pods Manifest.lock";
			outputPaths = (
			);
			runOnlyForDeploymentPostprocessing = 0;
			shellPath = /bin/sh;
			shellScript = "diff \"${PODS_ROOT}/../Podfile.lock\" \"${PODS_ROOT}/Manifest.lock\" > /dev/null\nif [ $? != 0 ] ; then\n    # print error to STDERR\n    echo \"error: The sandbox is not in sync with the Podfile.lock. Run 'pod install' or update your CocoaPods installation.\" >&2\n    exit 1\nfi\n";
			showEnvVarsInLog = 0;
		};
		9B725C311FBCCC4F00526B15 /* [CP] Check Pods Manifest.lock */ = {
			isa = PBXShellScriptBuildPhase;
			buildActionMask = 2147483647;
			files = (
			);
			inputPaths = (
			);
			name = "[CP] Check Pods Manifest.lock";
			outputPaths = (
			);
			runOnlyForDeploymentPostprocessing = 0;
			shellPath = /bin/sh;
			shellScript = "diff \"${PODS_ROOT}/../Podfile.lock\" \"${PODS_ROOT}/Manifest.lock\" > /dev/null\nif [ $? != 0 ] ; then\n    # print error to STDERR\n    echo \"error: The sandbox is not in sync with the Podfile.lock. Run 'pod install' or update your CocoaPods installation.\" >&2\n    exit 1\nfi\n";
			showEnvVarsInLog = 0;
		};
		9B725C3C1FBCCC4F00526B15 /* [CP] Embed Pods Frameworks */ = {
			isa = PBXShellScriptBuildPhase;
			buildActionMask = 2147483647;
			files = (
			);
			inputPaths = (
			);
			name = "[CP] Embed Pods Frameworks";
			outputPaths = (
			);
			runOnlyForDeploymentPostprocessing = 0;
			shellPath = /bin/sh;
			shellScript = "\"${SRCROOT}/Pods/Target Support Files/Pods-Meow-INT/Pods-Meow-INT-frameworks.sh\"\n";
			showEnvVarsInLog = 0;
		};
		9B725C3D1FBCCC4F00526B15 /* [CP] Copy Pods Resources */ = {
			isa = PBXShellScriptBuildPhase;
			buildActionMask = 2147483647;
			files = (
			);
			inputPaths = (
			);
			name = "[CP] Copy Pods Resources";
			outputPaths = (
			);
			runOnlyForDeploymentPostprocessing = 0;
			shellPath = /bin/sh;
			shellScript = "\"${SRCROOT}/Pods/Target Support Files/Pods-Meow-INT/Pods-Meow-INT-resources.sh\"\n";
			showEnvVarsInLog = 0;
		};
		9BBF747F1FBF720000761529 /* [CP] Check Pods Manifest.lock */ = {
			isa = PBXShellScriptBuildPhase;
			buildActionMask = 2147483647;
			files = (
			);
			inputPaths = (
			);
			name = "[CP] Check Pods Manifest.lock";
			outputPaths = (
			);
			runOnlyForDeploymentPostprocessing = 0;
			shellPath = /bin/sh;
			shellScript = "diff \"${PODS_ROOT}/../Podfile.lock\" \"${PODS_ROOT}/Manifest.lock\" > /dev/null\nif [ $? != 0 ] ; then\n    # print error to STDERR\n    echo \"error: The sandbox is not in sync with the Podfile.lock. Run 'pod install' or update your CocoaPods installation.\" >&2\n    exit 1\nfi\n";
			showEnvVarsInLog = 0;
		};
		9BBF748A1FBF720000761529 /* [CP] Embed Pods Frameworks */ = {
			isa = PBXShellScriptBuildPhase;
			buildActionMask = 2147483647;
			files = (
			);
			inputPaths = (
			);
			name = "[CP] Embed Pods Frameworks";
			outputPaths = (
			);
			runOnlyForDeploymentPostprocessing = 0;
			shellPath = /bin/sh;
			shellScript = "\"${SRCROOT}/Pods/Target Support Files/Pods-Meow-INT/Pods-Meow-INT-frameworks.sh\"\n";
			showEnvVarsInLog = 0;
		};
		9BBF748B1FBF720000761529 /* [CP] Copy Pods Resources */ = {
			isa = PBXShellScriptBuildPhase;
			buildActionMask = 2147483647;
			files = (
			);
			inputPaths = (
			);
			name = "[CP] Copy Pods Resources";
			outputPaths = (
			);
			runOnlyForDeploymentPostprocessing = 0;
			shellPath = /bin/sh;
			shellScript = "\"${SRCROOT}/Pods/Target Support Files/Pods-Meow-INT/Pods-Meow-INT-resources.sh\"\n";
			showEnvVarsInLog = 0;
		};
		9BBF74921FBF72A700761529 /* [CP] Check Pods Manifest.lock */ = {
			isa = PBXShellScriptBuildPhase;
			buildActionMask = 2147483647;
			files = (
			);
			inputPaths = (
			);
			name = "[CP] Check Pods Manifest.lock";
			outputPaths = (
			);
			runOnlyForDeploymentPostprocessing = 0;
			shellPath = /bin/sh;
			shellScript = "diff \"${PODS_ROOT}/../Podfile.lock\" \"${PODS_ROOT}/Manifest.lock\" > /dev/null\nif [ $? != 0 ] ; then\n    # print error to STDERR\n    echo \"error: The sandbox is not in sync with the Podfile.lock. Run 'pod install' or update your CocoaPods installation.\" >&2\n    exit 1\nfi\n";
			showEnvVarsInLog = 0;
		};
		9BBF749D1FBF72A700761529 /* [CP] Embed Pods Frameworks */ = {
			isa = PBXShellScriptBuildPhase;
			buildActionMask = 2147483647;
			files = (
			);
			inputPaths = (
			);
			name = "[CP] Embed Pods Frameworks";
			outputPaths = (
			);
			runOnlyForDeploymentPostprocessing = 0;
			shellPath = /bin/sh;
			shellScript = "\"${SRCROOT}/Pods/Target Support Files/Pods-Meow-INT/Pods-Meow-INT-frameworks.sh\"\n";
			showEnvVarsInLog = 0;
		};
		9BBF749E1FBF72A700761529 /* [CP] Copy Pods Resources */ = {
			isa = PBXShellScriptBuildPhase;
			buildActionMask = 2147483647;
			files = (
			);
			inputPaths = (
			);
			name = "[CP] Copy Pods Resources";
			outputPaths = (
			);
			runOnlyForDeploymentPostprocessing = 0;
			shellPath = /bin/sh;
			shellScript = "\"${SRCROOT}/Pods/Target Support Files/Pods-Meow-INT/Pods-Meow-INT-resources.sh\"\n";
			showEnvVarsInLog = 0;
		};
		9DA1B7B47857ADD17A6666C9 /* [CP] Embed Pods Frameworks */ = {
			isa = PBXShellScriptBuildPhase;
			buildActionMask = 2147483647;
			files = (
			);
			inputPaths = (
			);
			name = "[CP] Embed Pods Frameworks";
			outputPaths = (
			);
			runOnlyForDeploymentPostprocessing = 0;
			shellPath = /bin/sh;
			shellScript = "\"${SRCROOT}/Pods/Target Support Files/Pods-Meow-INT/Pods-Meow-INT-frameworks.sh\"\n";
			showEnvVarsInLog = 0;
		};
/* End PBXShellScriptBuildPhase section */

/* Begin PBXSourcesBuildPhase section */
		9B725C321FBCCC4F00526B15 /* Sources */ = {
			isa = PBXSourcesBuildPhase;
			buildActionMask = 2147483647;
			files = (
				9B725C331FBCCC4F00526B15 /* ViewController.swift in Sources */,
				9B725C341FBCCC4F00526B15 /* AppDelegate.swift in Sources */,
				9B725C351FBCCC4F00526B15 /* Constants.swift in Sources */,
			);
			runOnlyForDeploymentPostprocessing = 0;
		};
		9B904F721EDFE9A600E01EC0 /* Sources */ = {
			isa = PBXSourcesBuildPhase;
			buildActionMask = 2147483647;
			files = (
				9B904F731EDFE9A600E01EC0 /* ViewController.swift in Sources */,
				9B904F741EDFE9A600E01EC0 /* AppDelegate.swift in Sources */,
				9B904F751EDFE9A600E01EC0 /* Constants.swift in Sources */,
			);
			runOnlyForDeploymentPostprocessing = 0;
		};
		9BBF74801FBF720000761529 /* Sources */ = {
			isa = PBXSourcesBuildPhase;
			buildActionMask = 2147483647;
			files = (
				9BBF74811FBF720000761529 /* ViewController.swift in Sources */,
				9BBF74821FBF720000761529 /* AppDelegate.swift in Sources */,
				9BBF74831FBF720000761529 /* Constants.swift in Sources */,
			);
			runOnlyForDeploymentPostprocessing = 0;
		};
		9BBF74931FBF72A700761529 /* Sources */ = {
			isa = PBXSourcesBuildPhase;
			buildActionMask = 2147483647;
			files = (
				9BBF74941FBF72A700761529 /* ViewController.swift in Sources */,
				9BBF74951FBF72A700761529 /* AppDelegate.swift in Sources */,
				9BBF74961FBF72A700761529 /* Constants.swift in Sources */,
			);
			runOnlyForDeploymentPostprocessing = 0;
		};
/* End PBXSourcesBuildPhase section */

/* Begin PBXVariantGroup section */
		9B0B2B171EAFEA1700422290 /* Main.storyboard */ = {
			isa = PBXVariantGroup;
			children = (
				9B0B2B181EAFEA1700422290 /* Base */,
			);
			name = Main.storyboard;
			sourceTree = "<group>";
		};
		9B0B2B1C1EAFEA1700422290 /* LaunchScreen.storyboard */ = {
			isa = PBXVariantGroup;
			children = (
				9B0B2B1D1EAFEA1700422290 /* Base */,
			);
			name = LaunchScreen.storyboard;
			sourceTree = "<group>";
		};
/* End PBXVariantGroup section */

/* Begin XCBuildConfiguration section */
		9B0B2B201EAFEA1700422290 /* Debug */ = {
			isa = XCBuildConfiguration;
			buildSettings = {
				ALWAYS_SEARCH_USER_PATHS = NO;
				CLANG_ANALYZER_NONNULL = YES;
				CLANG_CXX_LANGUAGE_STANDARD = "gnu++0x";
				CLANG_CXX_LIBRARY = "libc++";
				CLANG_ENABLE_MODULES = YES;
				CLANG_ENABLE_OBJC_ARC = YES;
				CLANG_WARN_BOOL_CONVERSION = YES;
				CLANG_WARN_CONSTANT_CONVERSION = YES;
				CLANG_WARN_DIRECT_OBJC_ISA_USAGE = YES_ERROR;
				CLANG_WARN_DOCUMENTATION_COMMENTS = YES;
				CLANG_WARN_EMPTY_BODY = YES;
				CLANG_WARN_ENUM_CONVERSION = YES;
				CLANG_WARN_INFINITE_RECURSION = YES;
				CLANG_WARN_INT_CONVERSION = YES;
				CLANG_WARN_OBJC_ROOT_CLASS = YES_ERROR;
				CLANG_WARN_SUSPICIOUS_MOVE = YES;
				CLANG_WARN_UNREACHABLE_CODE = YES;
				CLANG_WARN__DUPLICATE_METHOD_MATCH = YES;
				"CODE_SIGN_IDENTITY[sdk=iphoneos*]" = "iPhone Developer";
				COPY_PHASE_STRIP = NO;
				DEBUG_INFORMATION_FORMAT = dwarf;
				ENABLE_STRICT_OBJC_MSGSEND = YES;
				ENABLE_TESTABILITY = YES;
				GCC_C_LANGUAGE_STANDARD = gnu99;
				GCC_DYNAMIC_NO_PIC = NO;
				GCC_NO_COMMON_BLOCKS = YES;
				GCC_OPTIMIZATION_LEVEL = 0;
				GCC_PREPROCESSOR_DEFINITIONS = (
					"DEBUG=1",
					"$(inherited)",
				);
				GCC_WARN_64_TO_32_BIT_CONVERSION = YES;
				GCC_WARN_ABOUT_RETURN_TYPE = YES_ERROR;
				GCC_WARN_UNDECLARED_SELECTOR = YES;
				GCC_WARN_UNINITIALIZED_AUTOS = YES_AGGRESSIVE;
				GCC_WARN_UNUSED_FUNCTION = YES;
				GCC_WARN_UNUSED_VARIABLE = YES;
				IPHONEOS_DEPLOYMENT_TARGET = 10.2;
				MTL_ENABLE_DEBUG_INFO = YES;
				ONLY_ACTIVE_ARCH = YES;
				SDKROOT = iphoneos;
				SWIFT_ACTIVE_COMPILATION_CONDITIONS = DEBUG;
				SWIFT_OPTIMIZATION_LEVEL = "-Onone";
				TARGETED_DEVICE_FAMILY = "1,2";
			};
			name = Debug;
		};
		9B0B2B211EAFEA1700422290 /* Release */ = {
			isa = XCBuildConfiguration;
			buildSettings = {
				ALWAYS_SEARCH_USER_PATHS = NO;
				CLANG_ANALYZER_NONNULL = YES;
				CLANG_CXX_LANGUAGE_STANDARD = "gnu++0x";
				CLANG_CXX_LIBRARY = "libc++";
				CLANG_ENABLE_MODULES = YES;
				CLANG_ENABLE_OBJC_ARC = YES;
				CLANG_WARN_BOOL_CONVERSION = YES;
				CLANG_WARN_CONSTANT_CONVERSION = YES;
				CLANG_WARN_DIRECT_OBJC_ISA_USAGE = YES_ERROR;
				CLANG_WARN_DOCUMENTATION_COMMENTS = YES;
				CLANG_WARN_EMPTY_BODY = YES;
				CLANG_WARN_ENUM_CONVERSION = YES;
				CLANG_WARN_INFINITE_RECURSION = YES;
				CLANG_WARN_INT_CONVERSION = YES;
				CLANG_WARN_OBJC_ROOT_CLASS = YES_ERROR;
				CLANG_WARN_SUSPICIOUS_MOVE = YES;
				CLANG_WARN_UNREACHABLE_CODE = YES;
				CLANG_WARN__DUPLICATE_METHOD_MATCH = YES;
				"CODE_SIGN_IDENTITY[sdk=iphoneos*]" = "iPhone Developer";
				COPY_PHASE_STRIP = NO;
				DEBUG_INFORMATION_FORMAT = "dwarf-with-dsym";
				ENABLE_NS_ASSERTIONS = NO;
				ENABLE_STRICT_OBJC_MSGSEND = YES;
				GCC_C_LANGUAGE_STANDARD = gnu99;
				GCC_NO_COMMON_BLOCKS = YES;
				GCC_WARN_64_TO_32_BIT_CONVERSION = YES;
				GCC_WARN_ABOUT_RETURN_TYPE = YES_ERROR;
				GCC_WARN_UNDECLARED_SELECTOR = YES;
				GCC_WARN_UNINITIALIZED_AUTOS = YES_AGGRESSIVE;
				GCC_WARN_UNUSED_FUNCTION = YES;
				GCC_WARN_UNUSED_VARIABLE = YES;
				IPHONEOS_DEPLOYMENT_TARGET = 10.2;
				MTL_ENABLE_DEBUG_INFO = NO;
				SDKROOT = iphoneos;
				SWIFT_OPTIMIZATION_LEVEL = "-Owholemodule";
				TARGETED_DEVICE_FAMILY = "1,2";
				VALIDATE_PRODUCT = YES;
			};
			name = Release;
		};
		9B725C3F1FBCCC4F00526B15 /* Debug */ = {
			isa = XCBuildConfiguration;
			baseConfigurationReference = FBAB80BDAD379C01B84CC207 /* Pods-Meow-INT.debug.xcconfig */;
			buildSettings = {
				ASSETCATALOG_COMPILER_APPICON_NAME = AppIcon;
				"CODE_SIGN_IDENTITY[sdk=iphoneos*]" = "iPhone Developer";
				CODE_SIGN_STYLE = Automatic;
				DEVELOPMENT_TEAM = 83U7U2U9D6;
				FRAMEWORK_SEARCH_PATHS = (
					"$(inherited)",
					"$(PROJECT_DIR)/iOS",
					"$(PROJECT_DIR)",
				);
				INFOPLIST_FILE = Meow/Info.plist;
				IPHONEOS_DEPLOYMENT_TARGET = 8.0;
				LD_RUNPATH_SEARCH_PATHS = "$(inherited) @executable_path/Frameworks";
				OTHER_SWIFT_FLAGS = "-D PROD";
				PRODUCT_BUNDLE_IDENTIFIER = meow.prod;
				PRODUCT_NAME = "$(TARGET_NAME)";
				PROVISIONING_PROFILE = "";
				PROVISIONING_PROFILE_SPECIFIER = "";
				SWIFT_OBJC_BRIDGING_HEADER = "Meow/Meow-Bridging-Header.h";
				SWIFT_VERSION = 3.0;
			};
			name = Debug;
		};
		9B725C401FBCCC4F00526B15 /* Release */ = {
			isa = XCBuildConfiguration;
			baseConfigurationReference = 6948F4E8007BED3ECEB5C212 /* Pods-Meow-INT.release.xcconfig */;
			buildSettings = {
				ASSETCATALOG_COMPILER_APPICON_NAME = AppIcon;
				"CODE_SIGN_IDENTITY[sdk=iphoneos*]" = "iPhone Developer";
				CODE_SIGN_STYLE = Automatic;
				DEVELOPMENT_TEAM = 83U7U2U9D6;
				FRAMEWORK_SEARCH_PATHS = (
					"$(inherited)",
					"$(PROJECT_DIR)/iOS",
					"$(PROJECT_DIR)",
				);
				INFOPLIST_FILE = Meow/Info.plist;
				IPHONEOS_DEPLOYMENT_TARGET = 8.0;
				LD_RUNPATH_SEARCH_PATHS = "$(inherited) @executable_path/Frameworks";
				OTHER_SWIFT_FLAGS = "-D PROD";
				PRODUCT_BUNDLE_IDENTIFIER = meow.prod;
				PRODUCT_NAME = "$(TARGET_NAME)";
				PROVISIONING_PROFILE = "";
				PROVISIONING_PROFILE_SPECIFIER = "";
				SWIFT_OBJC_BRIDGING_HEADER = "Meow/Meow-Bridging-Header.h";
				SWIFT_VERSION = 3.0;
			};
			name = Release;
		};
		9B904F7F1EDFE9A600E01EC0 /* Debug */ = {
			isa = XCBuildConfiguration;
			baseConfigurationReference = FBAB80BDAD379C01B84CC207 /* Pods-Meow-INT.debug.xcconfig */;
			buildSettings = {
				ASSETCATALOG_COMPILER_APPICON_NAME = AppIcon;
				"CODE_SIGN_IDENTITY[sdk=iphoneos*]" = "iPhone Developer";
				CODE_SIGN_STYLE = Automatic;
				DEVELOPMENT_TEAM = R2L8TU8NEV;
				FRAMEWORK_SEARCH_PATHS = (
					"$(inherited)",
					"$(PROJECT_DIR)/iOS",
					"$(PROJECT_DIR)",
				);
				INFOPLIST_FILE = Meow/Info.plist;
				IPHONEOS_DEPLOYMENT_TARGET = 8.0;
				LD_RUNPATH_SEARCH_PATHS = "$(inherited) @executable_path/Frameworks";
				OTHER_SWIFT_FLAGS = "-D INT";
				PRODUCT_BUNDLE_IDENTIFIER = meow.int;
				PRODUCT_NAME = "$(TARGET_NAME)";
				PROVISIONING_PROFILE = "";
				PROVISIONING_PROFILE_SPECIFIER = "";
				SWIFT_OBJC_BRIDGING_HEADER = "Meow/Meow-Bridging-Header.h";
				SWIFT_VERSION = 3.0;
			};
			name = Debug;
		};
		9B904F801EDFE9A600E01EC0 /* Release */ = {
			isa = XCBuildConfiguration;
			baseConfigurationReference = 6948F4E8007BED3ECEB5C212 /* Pods-Meow-INT.release.xcconfig */;
			buildSettings = {
				ASSETCATALOG_COMPILER_APPICON_NAME = AppIcon;
				"CODE_SIGN_IDENTITY[sdk=iphoneos*]" = "iPhone Developer";
				CODE_SIGN_STYLE = Automatic;
				DEVELOPMENT_TEAM = R2L8TU8NEV;
				FRAMEWORK_SEARCH_PATHS = (
					"$(inherited)",
					"$(PROJECT_DIR)/iOS",
					"$(PROJECT_DIR)",
				);
				INFOPLIST_FILE = Meow/Info.plist;
				IPHONEOS_DEPLOYMENT_TARGET = 8.0;
				LD_RUNPATH_SEARCH_PATHS = "$(inherited) @executable_path/Frameworks";
				OTHER_SWIFT_FLAGS = "-D INT";
				PRODUCT_BUNDLE_IDENTIFIER = meow.int;
				PRODUCT_NAME = "$(TARGET_NAME)";
				PROVISIONING_PROFILE = "";
				PROVISIONING_PROFILE_SPECIFIER = "";
				SWIFT_OBJC_BRIDGING_HEADER = "Meow/Meow-Bridging-Header.h";
				SWIFT_VERSION = 3.0;
			};
			name = Release;
		};
		9BBF748D1FBF720000761529 /* Debug */ = {
			isa = XCBuildConfiguration;
			baseConfigurationReference = FBAB80BDAD379C01B84CC207 /* Pods-Meow-INT.debug.xcconfig */;
			buildSettings = {
				ASSETCATALOG_COMPILER_APPICON_NAME = AppIcon;
				"CODE_SIGN_IDENTITY[sdk=iphoneos*]" = "iPhone Developer";
				CODE_SIGN_STYLE = Automatic;
				DEVELOPMENT_TEAM = 83U7U2U9D6;
				FRAMEWORK_SEARCH_PATHS = (
					"$(inherited)",
					"$(PROJECT_DIR)/iOS",
					"$(PROJECT_DIR)",
				);
				INFOPLIST_FILE = Meow/Info.plist;
				IPHONEOS_DEPLOYMENT_TARGET = 8.0;
				LD_RUNPATH_SEARCH_PATHS = "$(inherited) @executable_path/Frameworks";
				OTHER_SWIFT_FLAGS = "-D STAGING";
				PRODUCT_BUNDLE_IDENTIFIER = meow.staging;
				PRODUCT_NAME = "$(TARGET_NAME)";
				PROVISIONING_PROFILE = "";
				PROVISIONING_PROFILE_SPECIFIER = "";
				SWIFT_OBJC_BRIDGING_HEADER = "Meow/Meow-Bridging-Header.h";
				SWIFT_VERSION = 3.0;
			};
			name = Debug;
		};
		9BBF748E1FBF720000761529 /* Release */ = {
			isa = XCBuildConfiguration;
			baseConfigurationReference = 6948F4E8007BED3ECEB5C212 /* Pods-Meow-INT.release.xcconfig */;
			buildSettings = {
				ASSETCATALOG_COMPILER_APPICON_NAME = AppIcon;
				"CODE_SIGN_IDENTITY[sdk=iphoneos*]" = "iPhone Developer";
				CODE_SIGN_STYLE = Automatic;
				DEVELOPMENT_TEAM = 83U7U2U9D6;
				FRAMEWORK_SEARCH_PATHS = (
					"$(inherited)",
					"$(PROJECT_DIR)/iOS",
					"$(PROJECT_DIR)",
				);
				INFOPLIST_FILE = Meow/Info.plist;
				IPHONEOS_DEPLOYMENT_TARGET = 8.0;
				LD_RUNPATH_SEARCH_PATHS = "$(inherited) @executable_path/Frameworks";
				OTHER_SWIFT_FLAGS = "-D STAGING";
				PRODUCT_BUNDLE_IDENTIFIER = meow.staging;
				PRODUCT_NAME = "$(TARGET_NAME)";
				PROVISIONING_PROFILE = "";
				PROVISIONING_PROFILE_SPECIFIER = "";
				SWIFT_OBJC_BRIDGING_HEADER = "Meow/Meow-Bridging-Header.h";
				SWIFT_VERSION = 3.0;
			};
			name = Release;
		};
		9BBF74A01FBF72A700761529 /* Debug */ = {
			isa = XCBuildConfiguration;
			baseConfigurationReference = FBAB80BDAD379C01B84CC207 /* Pods-Meow-INT.debug.xcconfig */;
			buildSettings = {
				ASSETCATALOG_COMPILER_APPICON_NAME = AppIcon;
				"CODE_SIGN_IDENTITY[sdk=iphoneos*]" = "iPhone Developer";
				CODE_SIGN_STYLE = Automatic;
				DEVELOPMENT_TEAM = 83U7U2U9D6;
				FRAMEWORK_SEARCH_PATHS = (
					"$(inherited)",
					"$(PROJECT_DIR)/iOS",
					"$(PROJECT_DIR)",
				);
				INFOPLIST_FILE = Meow/Info.plist;
				IPHONEOS_DEPLOYMENT_TARGET = 8.0;
				LD_RUNPATH_SEARCH_PATHS = "$(inherited) @executable_path/Frameworks";
				OTHER_SWIFT_FLAGS = "-D ACCESSIBILITYINT";
				PRODUCT_BUNDLE_IDENTIFIER = "meow.int-accessibility";
				PRODUCT_NAME = "$(TARGET_NAME)";
				PROVISIONING_PROFILE = "";
				PROVISIONING_PROFILE_SPECIFIER = "";
				SWIFT_OBJC_BRIDGING_HEADER = "Meow/Meow-Bridging-Header.h";
				SWIFT_VERSION = 3.0;
			};
			name = Debug;
		};
		9BBF74A11FBF72A700761529 /* Release */ = {
			isa = XCBuildConfiguration;
			baseConfigurationReference = 6948F4E8007BED3ECEB5C212 /* Pods-Meow-INT.release.xcconfig */;
			buildSettings = {
				ASSETCATALOG_COMPILER_APPICON_NAME = AppIcon;
				"CODE_SIGN_IDENTITY[sdk=iphoneos*]" = "iPhone Developer";
				CODE_SIGN_STYLE = Automatic;
				DEVELOPMENT_TEAM = 83U7U2U9D6;
				FRAMEWORK_SEARCH_PATHS = (
					"$(inherited)",
					"$(PROJECT_DIR)/iOS",
					"$(PROJECT_DIR)",
				);
				INFOPLIST_FILE = Meow/Info.plist;
				IPHONEOS_DEPLOYMENT_TARGET = 8.0;
				LD_RUNPATH_SEARCH_PATHS = "$(inherited) @executable_path/Frameworks";
				OTHER_SWIFT_FLAGS = "-D ACCESSIBILITYINT";
				PRODUCT_BUNDLE_IDENTIFIER = "meow.int-accessibility";
				PRODUCT_NAME = "$(TARGET_NAME)";
				PROVISIONING_PROFILE = "";
				PROVISIONING_PROFILE_SPECIFIER = "";
				SWIFT_OBJC_BRIDGING_HEADER = "Meow/Meow-Bridging-Header.h";
				SWIFT_VERSION = 3.0;
			};
			name = Release;
		};
/* End XCBuildConfiguration section */

/* Begin XCConfigurationList section */
		9B0B2B0B1EAFEA1700422290 /* Build configuration list for PBXProject "Meow" */ = {
			isa = XCConfigurationList;
			buildConfigurations = (
				9B0B2B201EAFEA1700422290 /* Debug */,
				9B0B2B211EAFEA1700422290 /* Release */,
			);
			defaultConfigurationIsVisible = 0;
			defaultConfigurationName = Release;
		};
		9B725C3E1FBCCC4F00526B15 /* Build configuration list for PBXNativeTarget "Meow-PROD" */ = {
			isa = XCConfigurationList;
			buildConfigurations = (
				9B725C3F1FBCCC4F00526B15 /* Debug */,
				9B725C401FBCCC4F00526B15 /* Release */,
			);
			defaultConfigurationIsVisible = 0;
			defaultConfigurationName = Release;
		};
		9B904F7E1EDFE9A600E01EC0 /* Build configuration list for PBXNativeTarget "Meow-INT" */ = {
			isa = XCConfigurationList;
			buildConfigurations = (
				9B904F7F1EDFE9A600E01EC0 /* Debug */,
				9B904F801EDFE9A600E01EC0 /* Release */,
			);
			defaultConfigurationIsVisible = 0;
			defaultConfigurationName = Release;
		};
		9BBF748C1FBF720000761529 /* Build configuration list for PBXNativeTarget "Meow-STAGING" */ = {
			isa = XCConfigurationList;
			buildConfigurations = (
				9BBF748D1FBF720000761529 /* Debug */,
				9BBF748E1FBF720000761529 /* Release */,
			);
			defaultConfigurationIsVisible = 0;
			defaultConfigurationName = Release;
		};
		9BBF749F1FBF72A700761529 /* Build configuration list for PBXNativeTarget "Meow-INT-ACCESSIBILITY" */ = {
			isa = XCConfigurationList;
			buildConfigurations = (
				9BBF74A01FBF72A700761529 /* Debug */,
				9BBF74A11FBF72A700761529 /* Release */,
			);
			defaultConfigurationIsVisible = 0;
			defaultConfigurationName = Release;
		};
/* End XCConfigurationList section */
	};
	rootObject = 9B0B2B081EAFEA1700422290 /* Project object */;
}
