PODS:
  - AppCenter (1.0.0):
    - AppCenter/Analytics (= 1.0.0)
    - AppCenter/Crashes (= 1.0.0)
  - AppCenter/Analytics (1.0.0):
    - AppCenter/Core
  - AppCenter/Core (1.0.0)
  - AppCenter/Crashes (1.0.0):
    - AppCenter/Core
  - AppCenter/Distribute (1.0.0):
    - AppCenter/Core
  - FlatUIKit (1.6.2)

DEPENDENCIES:
  - AppCenter
  - AppCenter/Distribute
  - FlatUIKit

SPEC CHECKSUMS:
  AppCenter: 6420fff6632a6e728dff657c94346289b7868195
  FlatUIKit: 1b41f0d4952ce8d970d8479ce79df54a960242c4

PODFILE CHECKSUM: 8dc86f89ccb8f8036d29f977a4f34ac9065d42ce

COCOAPODS: 1.1.1
